
Microsoft Visual Studio Solution File, Format Version 12.00
# Visual Studio Version 16
VisualStudioVersion = 16.0.30011.22
MinimumVisualStudioVersion = 10.0.40219.1
Project("{9A19103F-16F7-4668-BE54-9A1E7A4F7556}") = "ECommerce.Api.Products", "ECommerce.Api.Products\ECommerce.Api.Products.csproj", "{D567827C-7DCA-4C88-A480-11FBA0821BBC}"
EndProject
Project("{9A19103F-16F7-4668-BE54-9A1E7A4F7556}") = "ECommerce.Api.Customers", "ECommerce.Api.Customers\ECommerce.Api.Customers.csproj", "{C96E40FD-DE4A-497B-A06E-6248BD94EA70}"
EndProject
Project("{9A19103F-16F7-4668-BE54-9A1E7A4F7556}") = "ECommerce.Api.Orders", "ECommerce.Api.Orders\ECommerce.Api.Orders.csproj", "{E506E3FA-EB6E-49EA-AACA-41554D399870}"
EndProject
Project("{9A19103F-16F7-4668-BE54-9A1E7A4F7556}") = "ECommerce.Api.Search", "ECommerce.Api.Search\ECommerce.Api.Search.csproj", "{3DE161AE-42CC-4603-9DDD-313030B1DBED}"
EndProject
Project("{FAE04EC0-301F-11D3-BF4B-00C04F79EFBC}") = "ECommerce.Api.Products.Test", "ECommerce.Api.Products.Test\ECommerce.Api.Products.Test.csproj", "{4CB83765-219A-4E24-807A-4DF82EE707D4}"
EndProject
Global
	GlobalSection(SolutionConfigurationPlatforms) = preSolution
		Debug|Any CPU = Debug|Any CPU
		Release|Any CPU = Release|Any CPU
	EndGlobalSection
	GlobalSection(ProjectConfigurationPlatforms) = postSolution
		{D567827C-7DCA-4C88-A480-11FBA0821BBC}.Debug|Any CPU.ActiveCfg = Debug|Any CPU
		{D567827C-7DCA-4C88-A480-11FBA0821BBC}.Debug|Any CPU.Build.0 = Debug|Any CPU
		{D567827C-7DCA-4C88-A480-11FBA0821BBC}.Release|Any CPU.ActiveCfg = Release|Any CPU
		{D567827C-7DCA-4C88-A480-11FBA0821BBC}.Release|Any CPU.Build.0 = Release|Any CPU
		{C96E40FD-DE4A-497B-A06E-6248BD94EA70}.Debug|Any CPU.ActiveCfg = Debug|Any CPU
		{C96E40FD-DE4A-497B-A06E-6248BD94EA70}.Debug|Any CPU.Build.0 = Debug|Any CPU
		{C96E40FD-DE4A-497B-A06E-6248BD94EA70}.Release|Any CPU.ActiveCfg = Release|Any CPU
		{C96E40FD-DE4A-497B-A06E-6248BD94EA70}.Release|Any CPU.Build.0 = Release|Any CPU
		{E506E3FA-EB6E-49EA-AACA-41554D399870}.Debug|Any CPU.ActiveCfg = Debug|Any CPU
		{E506E3FA-EB6E-49EA-AACA-41554D399870}.Debug|Any CPU.Build.0 = Debug|Any CPU
		{E506E3FA-EB6E-49EA-AACA-41554D399870}.Release|Any CPU.ActiveCfg = Release|Any CPU
		{E506E3FA-EB6E-49EA-AACA-41554D399870}.Release|Any CPU.Build.0 = Release|Any CPU
		{3DE161AE-42CC-4603-9DDD-313030B1DBED}.Debug|Any CPU.ActiveCfg = Debug|Any CPU
		{3DE161AE-42CC-4603-9DDD-313030B1DBED}.Debug|Any CPU.Build.0 = Debug|Any CPU
		{3DE161AE-42CC-4603-9DDD-313030B1DBED}.Release|Any CPU.ActiveCfg = Release|Any CPU
		{3DE161AE-42CC-4603-9DDD-313030B1DBED}.Release|Any CPU.Build.0 = Release|Any CPU
		{4CB83765-219A-4E24-807A-4DF82EE707D4}.Debug|Any CPU.ActiveCfg = Debug|Any CPU
		{4CB83765-219A-4E24-807A-4DF82EE707D4}.Debug|Any CPU.Build.0 = Debug|Any CPU
		{4CB83765-219A-4E24-807A-4DF82EE707D4}.Release|Any CPU.ActiveCfg = Release|Any CPU
		{4CB83765-219A-4E24-807A-4DF82EE707D4}.Release|Any CPU.Build.0 = Release|Any CPU
	EndGlobalSection
	GlobalSection(SolutionProperties) = preSolution
		HideSolutionNode = FALSE
	EndGlobalSection
	GlobalSection(ExtensibilityGlobals) = postSolution
		SolutionGuid = {E4AF0DDA-FDE2-49FD-AF15-1F1213581140}
	EndGlobalSection
EndGlobal
